lockfileVersion: 5.3

specifiers:
  monkey-around: ^2.3
  obsidian: ^0.14.5
  ophidian: github:pjeby/ophidian
  smalltalk: github:pjeby/smalltalk.git#patch-1
  yaml: 2.0.0-10

devDependencies:
  monkey-around: 2.3.0
  obsidian: 0.14.8
  ophidian: github.com/pjeby/ophidian/0af36f1bf028f874f5fbc289752529aa938014de
  smalltalk: github.com/pjeby/smalltalk/7c3a5ba2c8f6363d050ab23ba95165d7d270a456
  yaml: 2.0.0-10

packages:

  /@cloudcmd/create-element/2.0.2:
    resolution: {integrity: sha512-5b74qCgwEUx+GxzXC9Gwamgh4Rx5ouLSrCW+QbaBHWpxA5s1sw5i6MbSODfuts1MSX5RoaZjJAjNY5y3et1iXw==}
    engines: {node: '>=8.3'}
    dependencies:
      currify: 4.0.0
      fullstore: 3.0.0
    dev: true

  /@codemirror/rangeset/0.19.7:
    resolution: {integrity: sha512-17zvQKjjUGjFCdFJAKFgiiQKFqGENmlVzS5vtiPQu1SCEs8ZKyvoFWwilM24+s21AlXxcUXulxEfOLGER5gOtg==}
    deprecated: As of 0.20.0, this package has been merged into @codemirror/state
    dependencies:
      '@codemirror/state': 0.19.8
    dev: true

  /@codemirror/state/0.19.8:
    resolution: {integrity: sha512-f8iZJe+1czZNOdt/H6FnuiYnzLF9OKxc7PsKhdEDq0478U2kak5CBbS7JwxkJekeguTyaagoJbnZveqPY2wlmQ==}
    dependencies:
      '@codemirror/text': 0.19.6
    dev: true

  /@codemirror/text/0.19.6:
    resolution: {integrity: sha512-T9jnREMIygx+TPC1bOuepz18maGq/92q2a+n4qTqObKwvNMg+8cMTslb8yxeEDEq7S3kpgGWxgO1UWbQRij0dA==}
    deprecated: As of 0.20.0, this package has been merged into @codemirror/state
    dev: true

  /@codemirror/view/0.19.42:
    resolution: {integrity: sha512-sGpuHYesqNThkAdJHTf4BO0hBeYnAHwamnCGkM6a2G/W5svRJGsFb5Vk/LQPQurDKK9V5fBTRqXH8nKGrIszng==}
    dependencies:
      '@codemirror/rangeset': 0.19.7
      '@codemirror/state': 0.19.8
      '@codemirror/text': 0.19.6
      style-mod: 4.0.0
      w3c-keyname: 2.2.4
    dev: true

  /@nodelib/fs.scandir/2.1.5:
    resolution: {integrity: sha512-vq24Bq3ym5HEQm2NKCr3yXDwjc7vTsEThRDnkp2DK9p1uqLR+DHurm/NOTo0KG7HYHU7eppKZj3MyqYuMBf62g==}
    engines: {node: '>= 8'}
    dependencies:
      '@nodelib/fs.stat': 2.0.5
      run-parallel: 1.2.0
    dev: true

  /@nodelib/fs.stat/2.0.5:
    resolution: {integrity: sha512-RkhPPp2zrqDAQA/2jNhnztcPAlv64XdhIp7a7454A5ovI7Bukxgt7MX7udwAu3zg1DcpPU0rz3VV1SeaqvY4+A==}
    engines: {node: '>= 8'}
    dev: true

  /@nodelib/fs.walk/1.2.8:
    resolution: {integrity: sha512-oGB+UxlgWcgQkgwo8GcEGwemoTFt3FIO9ababBmaGwXIoBKZ+GTy0pP185beGg7Llih/NSHSV2XAs1lnznocSg==}
    engines: {node: '>= 8'}
    dependencies:
      '@nodelib/fs.scandir': 2.1.5
      fastq: 1.13.0
    dev: true

  /@types/codemirror/0.0.108:
    resolution: {integrity: sha512-3FGFcus0P7C2UOGCNUVENqObEb4SFk+S8Dnxq7K6aIsLVs/vDtlangl3PEO0ykaKXyK56swVF6Nho7VsA44uhw==}
    dependencies:
      '@types/tern': 0.23.4
    dev: true

  /@types/estree/0.0.51:
    resolution: {integrity: sha512-CuPgU6f3eT/XgKKPqKd/gLZV1Xmvf1a2R5POBOGQa6uv82xpls89HU5zKeVoyR8XzHd1RGNOlQlvUe3CFkjWNQ==}
    dev: true

  /@types/tern/0.23.4:
    resolution: {integrity: sha512-JAUw1iXGO1qaWwEOzxTKJZ/5JxVeON9kvGZ/osgZaJImBnyjyn0cjovPsf6FNLmyGY8Vw9DoXZCMlfMkMwHRWg==}
    dependencies:
      '@types/estree': 0.0.51
    dev: true

  /ansi-styles/4.3.0:
    resolution: {integrity: sha512-zbB9rCJAT1rbjiVDb2hqKFHNYLxgtk8NURxZ3IZwD3F6NtxbXZQCnnSi1Lkx+IDohdPlFp222wVALIheZJQSEg==}
    engines: {node: '>=8'}
    dependencies:
      color-convert: 2.0.1
    dev: true

  /anymatch/3.1.2:
    resolution: {integrity: sha512-P43ePfOAIupkguHUycrc4qJ9kz8ZiuOUijaETwX7THt0Y/GNK7v0aa8rY816xWjZ7rJdA5XdMcpVFTKMq+RvWg==}
    engines: {node: '>= 8'}
    dependencies:
      normalize-path: 3.0.0
      picomatch: 2.3.1
    dev: true

  /array-union/1.0.2:
    resolution: {integrity: sha512-Dxr6QJj/RdU/hCaBjOfxW+q6lyuVE6JFWIrAUpuOOhoJJoQ99cUn3igRaHVB5P9WrgFVN0FfArM3x0cueOU8ng==}
    engines: {node: '>=0.10.0'}
    dependencies:
      array-uniq: 1.0.3
    dev: true

  /array-union/2.1.0:
    resolution: {integrity: sha512-HGyxoOTYUyCM6stUe6EJgnd4EoewAI7zMdfqO+kGjnlZmBDz/cR5pf8r/cR4Wq60sL/p0IkcjUEEPwS3GFrIyw==}
    engines: {node: '>=8'}
    dev: true

  /array-uniq/1.0.3:
    resolution: {integrity: sha512-MNha4BWQ6JbwhFhj03YK552f7cb3AzoE8SzeljgChvL1dl3IcvggXVz1DilzySZkCja+CXuZbdW7yATchWn8/Q==}
    engines: {node: '>=0.10.0'}
    dev: true

  /arrify/1.0.1:
    resolution: {integrity: sha512-3CYzex9M9FGQjCGMGyi6/31c8GJbgb0qGyrx5HWxPd0aCwh4cB2YjMb2Xf9UuoogrMrlO9cTqnB5rI5GHZTcUA==}
    engines: {node: '>=0.10.0'}
    dev: true

  /balanced-match/1.0.2:
    resolution: {integrity: sha512-3oSeUO0TMV67hN1AmbXsK4yaqU7tjiHlbxRDZOpH0KW9+CeX4bRAaX0Anxt0tx2MrpRpWwQaPwIlISEJhYU5Pw==}
    dev: true

  /binary-extensions/2.2.0:
    resolution: {integrity: sha512-jDctJ/IVQbZoJykoeHbhXpOlNBqGNcwXJKJog42E5HDPUwQTSdjCHdihjj0DlnheQ7blbT6dHOafNAiS8ooQKA==}
    engines: {node: '>=8'}
    dev: true

  /brace-expansion/1.1.11:
    resolution: {integrity: sha512-iCuPHDFgrHX7H2vEI/5xpz07zSHB00TpugqhmYtVmMO6518mCuRMoOYFldEBl0g187ufozdaHgWKcYFb61qGiA==}
    dependencies:
      balanced-match: 1.0.2
      concat-map: 0.0.1
    dev: true

  /braces/3.0.2:
    resolution: {integrity: sha512-b8um+L1RzM3WDSzvhm6gIz1yfTbBt6YTlcEKAvsmqCZZFw46z626lVj9j1yEPW33H5H+lBQpZMP1k8l+78Ha0A==}
    engines: {node: '>=8'}
    dependencies:
      fill-range: 7.0.1
    dev: true

  /builtin-modules/3.3.0:
    resolution: {integrity: sha512-zhaCDicdLuWN5UbN5IMnFqNMhNfo919sH85y2/ea+5Yg9TsTkeZxpL+JLbp6cgYFS4sRLp3YV4S6yDuqVWHYOw==}
    engines: {node: '>=6'}
    dev: true

  /chalk/4.1.2:
    resolution: {integrity: sha512-oKnbhFyRIXpUuez8iBMmyEa4nbj4IOQyuhc/wy9kY7/WVPcwIO9VA668Pu8RkO7+0G76SLROeyw9CpQ061i4mA==}
    engines: {node: '>=10'}
    dependencies:
      ansi-styles: 4.3.0
      supports-color: 7.2.0
    dev: true

  /chokidar/3.5.3:
    resolution: {integrity: sha512-Dr3sfKRP6oTcjf2JmUmFJfeVMvXBdegxB0iVQ5eb2V10uFJUCAS8OByZdVAyVb8xXNz3GjjTgj9kLWsZTqE6kw==}
    engines: {node: '>= 8.10.0'}
    dependencies:
      anymatch: 3.1.2
      braces: 3.0.2
      glob-parent: 5.1.2
      is-binary-path: 2.1.0
      is-glob: 4.0.3
      normalize-path: 3.0.0
      readdirp: 3.6.0
    optionalDependencies:
      fsevents: 2.3.2
    dev: true

  /color-convert/2.0.1:
    resolution: {integrity: sha512-RRECPsj7iu/xb5oKYcsFHSppFNnsj/52OVTRKb4zP5onXwVF3zVmmToNcOfGC+CRDpfK/U584fMg38ZHCaElKQ==}
    engines: {node: '>=7.0.0'}
    dependencies:
      color-name: 1.1.4
    dev: true

  /color-name/1.1.4:
    resolution: {integrity: sha512-dOy+3AuW3a2wNbZHIuMZpTcgjGuLU/uBL/ubcZF9OXbDo8ff4O8yVp5Bf0efS8uEoYo5q4Fx7dY9OgQGXgAsQA==}
    dev: true

  /concat-map/0.0.1:
    resolution: {integrity: sha1-2Klr13/Wjfd5OnMDajug1UBdR3s=}
    dev: true

  /copy-newer/2.1.2:
    resolution: {integrity: sha512-IDhyNGNvbSqwjQXjZ3tAzZNXRw0UmXa+TmTQmMJziikQ+sdsV9EkI6B2WZX1u9m3TKHayBCc2pGqXU/KlBqJdg==}
    engines: {node: '>=4'}
    hasBin: true
    dependencies:
      fs-write-stream-atomic: 1.0.10
      globby: 4.1.0
      graceful-fs: 4.2.9
      minimist: 1.2.5
      mkdirp: 0.5.5
      pify: 2.3.0
    dev: true

  /core-util-is/1.0.3:
    resolution: {integrity: sha512-ZQBvi1DcpJ4GDqanjucZ2Hj3wEO5pZDS89BWbkcrvdxksJorwUDDZamX9ldFkp9aw2lmBDLgkObEA4DWNJ9FYQ==}
    dev: true

  /css-tree/1.1.3:
    resolution: {integrity: sha512-tRpdppF7TRazZrjJ6v3stzv93qxRcSsFmW6cX0Zm2NVKpxE1WV1HblnghVv9TreireHkqI/VDEsfolRF1p6y7Q==}
    engines: {node: '>=8.0.0'}
    dependencies:
      mdn-data: 2.0.14
      source-map: 0.6.1
    dev: true

  /currify/4.0.0:
    resolution: {integrity: sha512-ABfH28PWp5oqqp31cLXJQdeMqoFNej9rJOu84wKhN3jPCH7FAZg3zY1MVI27PTFoqfPlxOyhGmh9PzOVv+yN2g==}
    dev: true

  /dir-glob/3.0.1:
    resolution: {integrity: sha512-WkrWp9GR4KXfKGYzOLmTuGVi1UWFfws377n9cc55/tb6DuqyF6pcQ5AbiHEshaDpY9v6oaSr2XCDidGmMwdzIA==}
    engines: {node: '>=8'}
    dependencies:
      path-type: 4.0.0
    dev: true

  /esbuild-android-64/0.14.49:
    resolution: {integrity: sha512-vYsdOTD+yi+kquhBiFWl3tyxnj2qZJsl4tAqwhT90ktUdnyTizgle7TjNx6Ar1bN7wcwWqZ9QInfdk2WVagSww==}
    engines: {node: '>=12'}
    cpu: [x64]
    os: [android]
    requiresBuild: true
    dev: true
    optional: true

  /esbuild-android-arm64/0.14.49:
    resolution: {integrity: sha512-g2HGr/hjOXCgSsvQZ1nK4nW/ei8JUx04Li74qub9qWrStlysaVmadRyTVuW32FGIpLQyc5sUjjZopj49eGGM2g==}
    engines: {node: '>=12'}
    cpu: [arm64]
    os: [android]
    requiresBuild: true
    dev: true
    optional: true

  /esbuild-darwin-64/0.14.49:
    resolution: {integrity: sha512-3rvqnBCtX9ywso5fCHixt2GBCUsogNp9DjGmvbBohh31Ces34BVzFltMSxJpacNki96+WIcX5s/vum+ckXiLYg==}
    engines: {node: '>=12'}
    cpu: [x64]
    os: [darwin]
    requiresBuild: true
    dev: true
    optional: true

  /esbuild-darwin-arm64/0.14.49:
    resolution: {integrity: sha512-XMaqDxO846srnGlUSJnwbijV29MTKUATmOLyQSfswbK/2X5Uv28M9tTLUJcKKxzoo9lnkYPsx2o8EJcTYwCs/A==}
    engines: {node: '>=12'}
    cpu: [arm64]
    os: [darwin]
    requiresBuild: true
    dev: true
    optional: true

  /esbuild-freebsd-64/0.14.49:
    resolution: {integrity: sha512-NJ5Q6AjV879mOHFri+5lZLTp5XsO2hQ+KSJYLbfY9DgCu8s6/Zl2prWXVANYTeCDLlrIlNNYw8y34xqyLDKOmQ==}
    engines: {node: '>=12'}
    cpu: [x64]
    os: [freebsd]
    requiresBuild: true
    dev: true
    optional: true

  /esbuild-freebsd-arm64/0.14.49:
    resolution: {integrity: sha512-lFLtgXnAc3eXYqj5koPlBZvEbBSOSUbWO3gyY/0+4lBdRqELyz4bAuamHvmvHW5swJYL7kngzIZw6kdu25KGOA==}
    engines: {node: '>=12'}
    cpu: [arm64]
    os: [freebsd]
    requiresBuild: true
    dev: true
    optional: true

  /esbuild-linux-32/0.14.49:
    resolution: {integrity: sha512-zTTH4gr2Kb8u4QcOpTDVn7Z8q7QEIvFl/+vHrI3cF6XOJS7iEI1FWslTo3uofB2+mn6sIJEQD9PrNZKoAAMDiA==}
    engines: {node: '>=12'}
    cpu: [ia32]
    os: [linux]
    requiresBuild: true
    dev: true
    optional: true

  /esbuild-linux-64/0.14.49:
    resolution: {integrity: sha512-hYmzRIDzFfLrB5c1SknkxzM8LdEUOusp6M2TnuQZJLRtxTgyPnZZVtyMeCLki0wKgYPXkFsAVhi8vzo2mBNeTg==}
    engines: {node: '>=12'}
    cpu: [x64]
    os: [linux]
    requiresBuild: true
    dev: true
    optional: true

  /esbuild-linux-arm/0.14.49:
    resolution: {integrity: sha512-iE3e+ZVv1Qz1Sy0gifIsarJMQ89Rpm9mtLSRtG3AH0FPgAzQ5Z5oU6vYzhc/3gSPi2UxdCOfRhw2onXuFw/0lg==}
    engines: {node: '>=12'}
    cpu: [arm]
    os: [linux]
    requiresBuild: true
    dev: true
    optional: true

  /esbuild-linux-arm64/0.14.49:
    resolution: {integrity: sha512-KLQ+WpeuY+7bxukxLz5VgkAAVQxUv67Ft4DmHIPIW+2w3ObBPQhqNoeQUHxopoW/aiOn3m99NSmSV+bs4BSsdA==}
    engines: {node: '>=12'}
    cpu: [arm64]
    os: [linux]
    requiresBuild: true
    dev: true
    optional: true

  /esbuild-linux-mips64le/0.14.49:
    resolution: {integrity: sha512-n+rGODfm8RSum5pFIqFQVQpYBw+AztL8s6o9kfx7tjfK0yIGF6tm5HlG6aRjodiiKkH2xAiIM+U4xtQVZYU4rA==}
    engines: {node: '>=12'}
    cpu: [mips64el]
    os: [linux]
    requiresBuild: true
    dev: true
    optional: true

  /esbuild-linux-ppc64le/0.14.49:
    resolution: {integrity: sha512-WP9zR4HX6iCBmMFH+XHHng2LmdoIeUmBpL4aL2TR8ruzXyT4dWrJ5BSbT8iNo6THN8lod6GOmYDLq/dgZLalGw==}
    engines: {node: '>=12'}
    cpu: [ppc64]
    os: [linux]
    requiresBuild: true
    dev: true
    optional: true

  /esbuild-linux-riscv64/0.14.49:
    resolution: {integrity: sha512-h66ORBz+Dg+1KgLvzTVQEA1LX4XBd1SK0Fgbhhw4akpG/YkN8pS6OzYI/7SGENiN6ao5hETRDSkVcvU9NRtkMQ==}
    engines: {node: '>=12'}
    cpu: [riscv64]
    os: [linux]
    requiresBuild: true
    dev: true
    optional: true

  /esbuild-linux-s390x/0.14.49:
    resolution: {integrity: sha512-DhrUoFVWD+XmKO1y7e4kNCqQHPs6twz6VV6Uezl/XHYGzM60rBewBF5jlZjG0nCk5W/Xy6y1xWeopkrhFFM0sQ==}
    engines: {node: '>=12'}
    cpu: [s390x]
    os: [linux]
    requiresBuild: true
    dev: true
    optional: true

  /esbuild-netbsd-64/0.14.49:
    resolution: {integrity: sha512-BXaUwFOfCy2T+hABtiPUIpWjAeWK9P8O41gR4Pg73hpzoygVGnj0nI3YK4SJhe52ELgtdgWP/ckIkbn2XaTxjQ==}
    engines: {node: '>=12'}
    cpu: [x64]
    os: [netbsd]
    requiresBuild: true
    dev: true
    optional: true

  /esbuild-openbsd-64/0.14.49:
    resolution: {integrity: sha512-lP06UQeLDGmVPw9Rg437Btu6J9/BmyhdoefnQ4gDEJTtJvKtQaUcOQrhjTq455ouZN4EHFH1h28WOJVANK41kA==}
    engines: {node: '>=12'}
    cpu: [x64]
    os: [openbsd]
    requiresBuild: true
    dev: true
    optional: true

  /esbuild-plugin-copy/1.3.0_esbuild@0.14.49:
    resolution: {integrity: sha512-LOx1xJOlAaCFMRtokHjsJfEkrosy3RDRa8SUHmn7loo0gwrouBQQwLAmOyMECshf7gSR1cPSRtAHu3KF/kQsyw==}
    peerDependencies:
      esbuild: ^0.14.0
    dependencies:
      chalk: 4.1.2
      esbuild: 0.14.49
      fs-extra: 10.1.0
      globby: 11.1.0
    dev: true

  /esbuild-plugin-sass/1.0.1_esbuild@0.14.49:
    resolution: {integrity: sha512-YFxjzD9Z1vz92QCJcAmCO15WVCUiOobw9ypdVeMsW+xa6S+zqryLUIh8d3fe/UkRHRO5PODZz/3xDAQuEXZwmQ==}
    peerDependencies:
      esbuild: '>=0.11.14'
    dependencies:
      css-tree: 1.1.3
      esbuild: 0.14.49
      fs-extra: 10.0.0
      sass: 1.47.0
      tmp: 0.2.1
    dev: true

  /esbuild-sunos-64/0.14.49:
    resolution: {integrity: sha512-4c8Zowp+V3zIWje329BeLbGh6XI9c/rqARNaj5yPHdC61pHI9UNdDxT3rePPJeWcEZVKjkiAS6AP6kiITp7FSw==}
    engines: {node: '>=12'}
    cpu: [x64]
    os: [sunos]
    requiresBuild: true
    dev: true
    optional: true

  /esbuild-windows-32/0.14.49:
    resolution: {integrity: sha512-q7Rb+J9yHTeKr9QTPDYkqfkEj8/kcKz9lOabDuvEXpXuIcosWCJgo5Z7h/L4r7rbtTH4a8U2FGKb6s1eeOHmJA==}
    engines: {node: '>=12'}
    cpu: [ia32]
    os: [win32]
    requiresBuild: true
    dev: true
    optional: true

  /esbuild-windows-64/0.14.49:
    resolution: {integrity: sha512-+Cme7Ongv0UIUTniPqfTX6mJ8Deo7VXw9xN0yJEN1lQMHDppTNmKwAM3oGbD/Vqff+07K2gN0WfNkMohmG+dVw==}
    engines: {node: '>=12'}
    cpu: [x64]
    os: [win32]
    requiresBuild: true
    dev: true
    optional: true

  /esbuild-windows-arm64/0.14.49:
    resolution: {integrity: sha512-v+HYNAXzuANrCbbLFJ5nmO3m5y2PGZWLe3uloAkLt87aXiO2mZr3BTmacZdjwNkNEHuH3bNtN8cak+mzVjVPfA==}
    engines: {node: '>=12'}
    cpu: [arm64]
    os: [win32]
    requiresBuild: true
    dev: true
    optional: true

  /esbuild/0.14.49:
    resolution: {integrity: sha512-/TlVHhOaq7Yz8N1OJrjqM3Auzo5wjvHFLk+T8pIue+fhnhIMpfAzsG6PLVMbFveVxqD2WOp3QHei+52IMUNmCw==}
    engines: {node: '>=12'}
    hasBin: true
    requiresBuild: true
    optionalDependencies:
      esbuild-android-64: 0.14.49
      esbuild-android-arm64: 0.14.49
      esbuild-darwin-64: 0.14.49
      esbuild-darwin-arm64: 0.14.49
      esbuild-freebsd-64: 0.14.49
      esbuild-freebsd-arm64: 0.14.49
      esbuild-linux-32: 0.14.49
      esbuild-linux-64: 0.14.49
      esbuild-linux-arm: 0.14.49
      esbuild-linux-arm64: 0.14.49
      esbuild-linux-mips64le: 0.14.49
      esbuild-linux-ppc64le: 0.14.49
      esbuild-linux-riscv64: 0.14.49
      esbuild-linux-s390x: 0.14.49
      esbuild-netbsd-64: 0.14.49
      esbuild-openbsd-64: 0.14.49
      esbuild-sunos-64: 0.14.49
      esbuild-windows-32: 0.14.49
      esbuild-windows-64: 0.14.49
      esbuild-windows-arm64: 0.14.49
    dev: true

  /fast-glob/3.2.11:
    resolution: {integrity: sha512-xrO3+1bxSo3ZVHAnqzyuewYT6aMFHRAd4Kcs92MAonjwQZLsK9d0SF1IyQ3k5PoirxTW0Oe/RqFgMQ6TcNE5Ew==}
    engines: {node: '>=8.6.0'}
    dependencies:
      '@nodelib/fs.stat': 2.0.5
      '@nodelib/fs.walk': 1.2.8
      glob-parent: 5.1.2
      merge2: 1.4.1
      micromatch: 4.0.5
    dev: true

  /fastq/1.13.0:
    resolution: {integrity: sha512-YpkpUnK8od0o1hmeSc7UUs/eB/vIPWJYjKck2QKIzAf71Vm1AAQ3EbuZB3g2JIy+pg+ERD0vqI79KyZiB2e2Nw==}
    dependencies:
      reusify: 1.0.4
    dev: true

  /fill-range/7.0.1:
    resolution: {integrity: sha512-qOo9F+dMUmC2Lcb4BbVvnKJxTPjCm+RRpe4gDuGrzkL7mEVl/djYSu2OdQ2Pa302N4oqkSg9ir6jaLWJ2USVpQ==}
    engines: {node: '>=8'}
    dependencies:
      to-regex-range: 5.0.1
    dev: true

  /fs-extra/10.0.0:
    resolution: {integrity: sha512-C5owb14u9eJwizKGdchcDUQeFtlSHHthBk8pbX9Vc1PFZrLombudjDnNns88aYslCyF6IY5SUw3Roz6xShcEIQ==}
    engines: {node: '>=12'}
    dependencies:
      graceful-fs: 4.2.9
      jsonfile: 6.1.0
      universalify: 2.0.0
    dev: true

  /fs-extra/10.1.0:
    resolution: {integrity: sha512-oRXApq54ETRj4eMiFzGnHWGy+zo5raudjuxN0b8H7s/RU2oW0Wvsx9O0ACRN/kRq9E8Vu/ReskGB5o3ji+FzHQ==}
    engines: {node: '>=12'}
    dependencies:
      graceful-fs: 4.2.9
      jsonfile: 6.1.0
      universalify: 2.0.0
    dev: true

  /fs-write-stream-atomic/1.0.10:
    resolution: {integrity: sha512-gehEzmPn2nAwr39eay+x3X34Ra+M2QlVUTLhkXPjWdeO8RF9kszk116avgBJM3ZyNHgHXBNx+VmPaFC36k0PzA==}
    dependencies:
      graceful-fs: 4.2.9
      iferr: 0.1.5
      imurmurhash: 0.1.4
      readable-stream: 2.3.7
    dev: true

  /fs.realpath/1.0.0:
    resolution: {integrity: sha512-OO0pH2lK6a0hZnAdau5ItzHPI6pUlvI7jMVnxUQRtw4owF2wk8lOSabtGDCTP4Ggrg2MbGnWO9X8K1t4+fGMDw==}
    dev: true

  /fsevents/2.3.2:
    resolution: {integrity: sha512-xiqMQR4xAeHTuB9uWm+fFRcIOgKBMiOBP+eXiyT7jsgVCq1bkVygt00oASowB7EdtpOHaaPgKt812P9ab+DDKA==}
    engines: {node: ^8.16.0 || ^10.6.0 || >=11.0.0}
    os: [darwin]
    requiresBuild: true
    dev: true
    optional: true

  /fullstore/3.0.0:
    resolution: {integrity: sha512-EEIdG+HWpyygWRwSLIZy+x4u0xtghjHNfhQb0mI5825Mmjq6oFESFUY0hoZigEgd3KH8GX+ZOCK9wgmOiS7VBQ==}
    engines: {node: '>=4'}
    dev: true

  /glob-parent/5.1.2:
    resolution: {integrity: sha512-AOIgSQCepiJYwP3ARnGx+5VnTu2HBYdzbGP45eLw1vr3zB3vZLeyed1sC9hnbcOc9/SrMyM5RPQrkGz4aS9Zow==}
    engines: {node: '>= 6'}
    dependencies:
      is-glob: 4.0.3
    dev: true

  /glob/6.0.4:
    resolution: {integrity: sha512-MKZeRNyYZAVVVG1oZeLaWie1uweH40m9AZwIwxyPbTSX4hHrVYSzLg0Ro5Z5R7XKkIX+Cc6oD1rqeDJnwsB8/A==}
    dependencies:
      inflight: 1.0.6
      inherits: 2.0.4
      minimatch: 3.1.1
      once: 1.4.0
      path-is-absolute: 1.0.1
    dev: true

  /glob/7.2.0:
    resolution: {integrity: sha512-lmLf6gtyrPq8tTjSmrO94wBeQbFR3HbLHbuyD69wuyQkImp2hWqMGB47OX65FBkPffO641IP9jWa1z4ivqG26Q==}
    dependencies:
      fs.realpath: 1.0.0
      inflight: 1.0.6
      inherits: 2.0.4
      minimatch: 3.1.1
      once: 1.4.0
      path-is-absolute: 1.0.1
    dev: true

  /globby/11.1.0:
    resolution: {integrity: sha512-jhIXaOzy1sb8IyocaruWSn1TjmnBVs8Ayhcy83rmxNJ8q2uWKCAj3CnJY+KpGSXCueAPc0i05kVvVKtP1t9S3g==}
    engines: {node: '>=10'}
    dependencies:
      array-union: 2.1.0
      dir-glob: 3.0.1
      fast-glob: 3.2.11
      ignore: 5.2.0
      merge2: 1.4.1
      slash: 3.0.0
    dev: true

  /globby/4.1.0:
    resolution: {integrity: sha512-JPDtMSr0bt25W64q792rvlrSwIaZwqUAhqdYKSr57Wh/xBcQ5JDWLM85ndn+Q1WdBQXLb9YGCl0QN/T0HpqU0A==}
    engines: {node: '>=0.10.0'}
    dependencies:
      array-union: 1.0.2
      arrify: 1.0.1
      glob: 6.0.4
      object-assign: 4.1.1
      pify: 2.3.0
      pinkie-promise: 2.0.1
    dev: true

  /graceful-fs/4.2.9:
    resolution: {integrity: sha512-NtNxqUcXgpW2iMrfqSfR73Glt39K+BLwWsPs94yR63v45T0Wbej7eRmL5cWfwEgqXnmjQp3zaJTshdRW/qC2ZQ==}
    dev: true

  /has-flag/4.0.0:
    resolution: {integrity: sha512-EykJT/Q1KjTWctppgIAgfSO0tKVuZUjhgMr17kqTumMl6Afv3EISleU7qZUzoXDFTAHTDC4NOoG/ZxU3EvlMPQ==}
    engines: {node: '>=8'}
    dev: true

  /iferr/0.1.5:
    resolution: {integrity: sha512-DUNFN5j7Tln0D+TxzloUjKB+CtVu6myn0JEFak6dG18mNt9YkQ6lzGCdafwofISZ1lLF3xRHJ98VKy9ynkcFaA==}
    dev: true

  /ignore/5.2.0:
    resolution: {integrity: sha512-CmxgYGiEPCLhfLnpPp1MoRmifwEIOgjcHXxOBjv7mY96c+eWScsOP9c112ZyLdWHi0FxHjI+4uVhKYp/gcdRmQ==}
    engines: {node: '>= 4'}
    dev: true

  /immutable/4.1.0:
    resolution: {integrity: sha512-oNkuqVTA8jqG1Q6c+UglTOD1xhC1BtjKI7XkCXRkZHrN5m18/XsnUp8Q89GkQO/z+0WjonSvl0FLhDYftp46nQ==}
    dev: true

  /imurmurhash/0.1.4:
    resolution: {integrity: sha512-JmXMZ6wuvDmLiHEml9ykzqO6lwFbof0GG4IkcGaENdCRDDmMVnny7s5HsIgHCbaq0w2MyPhDqkhTUgS2LU2PHA==}
    engines: {node: '>=0.8.19'}
    dev: true

  /inflight/1.0.6:
    resolution: {integrity: sha512-k92I/b08q4wvFscXCLvqfsHCrjrF7yiXsQuIVvVE7N82W3+aqpzuUdBbfhWcy/FZR3/4IgflMgKLOsvPDrGCJA==}
    dependencies:
      once: 1.4.0
      wrappy: 1.0.2
    dev: true

  /inherits/2.0.4:
    resolution: {integrity: sha512-k/vGaX4/Yla3WzyMCvTQOXYeIHvqOKtnqBduzTHpzpQZzAskKMhZ2K+EnBiSM9zGSoIFeMpXKxa4dYeZIQqewQ==}
    dev: true

  /is-binary-path/2.1.0:
    resolution: {integrity: sha512-ZMERYes6pDydyuGidse7OsHxtbI7WVeUEozgR/g7rd0xUimYNlvZRE/K2MgZTjWy725IfelLeVcEM97mmtRGXw==}
    engines: {node: '>=8'}
    dependencies:
      binary-extensions: 2.2.0
    dev: true

  /is-extglob/2.1.1:
    resolution: {integrity: sha512-SbKbANkN603Vi4jEZv49LeVJMn4yGwsbzZworEoyEiutsN3nJYdbO36zfhGJ6QEDpOZIFkDtnq5JRxmvl3jsoQ==}
    engines: {node: '>=0.10.0'}
    dev: true

  /is-glob/4.0.3:
    resolution: {integrity: sha512-xelSayHH36ZgE7ZWhli7pW34hNbNl8Ojv5KVmkJD4hBdD3th8Tfk9vYasLM+mXWOZhFkgZfxhLSnrwRr4elSSg==}
    engines: {node: '>=0.10.0'}
    dependencies:
      is-extglob: 2.1.1
    dev: true

  /is-number/7.0.0:
    resolution: {integrity: sha512-41Cifkg6e8TylSpdtTpeLVMqvSBEVzTttHvERD741+pnZ8ANv0004MRL43QKPDlK9cGvNp6NZWZUBlbGXYxxng==}
    engines: {node: '>=0.12.0'}
    dev: true

  /isarray/1.0.0:
    resolution: {integrity: sha512-VLghIWNM6ELQzo7zwmcg0NmTVyWKYjvIeM83yjp0wRDTmUnrM678fQbcKBo6n2CJEF0szoG//ytg+TKla89ALQ==}
    dev: true

  /jsonfile/6.1.0:
    resolution: {integrity: sha512-5dgndWOriYSm5cnYaJNhalLNDKOqFwyDB/rr1E9ZsGciGvKPs8R2xYGCacuf3z6K1YKDz182fd+fY3cn3pMqXQ==}
    dependencies:
      universalify: 2.0.0
    optionalDependencies:
      graceful-fs: 4.2.9
    dev: true

  /mdn-data/2.0.14:
    resolution: {integrity: sha512-dn6wd0uw5GsdswPFfsgMp5NSB0/aDe6fK94YJV/AJDYXL6HVLWBsxeq7js7Ad+mU2K9LAlwpk6kN2D5mwCPVow==}
    dev: true

  /merge2/1.4.1:
    resolution: {integrity: sha512-8q7VEgMJW4J8tcfVPy8g09NcQwZdbwFEqhe/WZkoIzjn/3TGDwtOCYtXGxA3O8tPzpczCCDgv+P2P5y00ZJOOg==}
    engines: {node: '>= 8'}
    dev: true

  /micromatch/4.0.5:
    resolution: {integrity: sha512-DMy+ERcEW2q8Z2Po+WNXuw3c5YaUSFjAO5GsJqfEl7UjvtIuFKO6ZrKvcItdy98dwFI2N1tg3zNIdKaQT+aNdA==}
    engines: {node: '>=8.6'}
    dependencies:
      braces: 3.0.2
      picomatch: 2.3.1
    dev: true

  /minimatch/3.1.1:
    resolution: {integrity: sha512-reLxBcKUPNBnc/sVtAbxgRVFSegoGeLaSjmphNhcwcolhYLRgtJscn5mRl6YRZNQv40Y7P6JM2YhSIsbL9OB5A==}
    dependencies:
      brace-expansion: 1.1.11
    dev: true

  /minimist/1.2.5:
    resolution: {integrity: sha512-FM9nNUYrRBAELZQT3xeZQ7fmMOBg6nWNmJKTcgsJeaLstP/UODVpGsr5OhXhhXg6f+qtJ8uiZ+PUxkDWcgIXLw==}
    dev: true

  /mkdirp/0.5.5:
    resolution: {integrity: sha512-NKmAlESf6jMGym1++R0Ra7wvhV+wFW63FaSOFPwRahvea0gMUcGUhVeAg/0BC0wiv9ih5NYPB1Wn1UEI1/L+xQ==}
    hasBin: true
    dependencies:
      minimist: 1.2.5
    dev: true

  /moment/2.29.1:
    resolution: {integrity: sha512-kHmoybcPV8Sqy59DwNDY3Jefr64lK/by/da0ViFcuA4DH0vQg5Q6Ze5VimxkfQNSC+Mls/Kx53s7TjP1RhFEDQ==}
    dev: true

  /moment/2.29.2:
    resolution: {integrity: sha512-UgzG4rvxYpN15jgCmVJwac49h9ly9NurikMWGPdVxm8GZD6XjkKPxDTjQQ43gtGgnV3X0cAyWDdP2Wexoquifg==}
    dev: true

  /monkey-around/2.3.0:
    resolution: {integrity: sha512-QWcCUWjqE/MCk9cXlSKZ1Qc486LD439xw/Ak8Nt6l2PuL9+yrc9TJakt7OHDuOqPRYY4nTWBAEFKn32PE/SfXA==}
    dev: true

  /normalize-path/3.0.0:
    resolution: {integrity: sha512-6eZs5Ls3WtCisHWp9S2GUy8dqkpGi4BVSz3GaqiE6ezub0512ESztXUwUB6C6IKbQkY2Pnb/mD4WYojCRwcwLA==}
    engines: {node: '>=0.10.0'}
    dev: true

  /object-assign/4.1.1:
    resolution: {integrity: sha512-rJgTQnkUnH1sFw8yT6VSU3zD3sWmu6sZhIseY8VX+GRu3P6F7Fu+JNDoXfklElbLJSnc3FUQHVe4cU5hj+BcUg==}
    engines: {node: '>=0.10.0'}
    dev: true

  /obsidian/0.14.5:
    resolution: {integrity: sha512-ka3DuL+iel+olMq3XlVQ06FtpYwIqUeKjyy+RUHeD0p84fp5DyxUL//r0CTczdmiVAvYprzb64NxghFI+E1slg==}
    dependencies:
      '@codemirror/state': 0.19.8
      '@codemirror/view': 0.19.42
      '@types/codemirror': 0.0.108
      moment: 2.29.1
    dev: true

  /obsidian/0.14.8:
    resolution: {integrity: sha512-CQz+B2HSbhGVEBwZBL3rPl29ruOBmEhCbBmW7PIILnnRh6fFFvYy3kZLHVTUidzvRGZnEW/mQ7n9LXeJCp2a/Q==}
    dependencies:
      '@codemirror/state': 0.19.8
      '@codemirror/view': 0.19.42
      '@types/codemirror': 0.0.108
      moment: 2.29.2
    dev: true

  /once/1.4.0:
    resolution: {integrity: sha512-lNaJgI+2Q5URQBkccEKHTQOPaXdUxnZZElQTZY0MFUAuaEqe1E+Nyvgdz/aIyNi6Z9MzO5dv1H8n58/GELp3+w==}
    dependencies:
      wrappy: 1.0.2
    dev: true

  /path-is-absolute/1.0.1:
    resolution: {integrity: sha512-AVbw3UJ2e9bq64vSaS9Am0fje1Pa8pbGqTTsmXfaIiMpnr5DlDhfJOuLj9Sf95ZPVDAUerDfEk88MPmPe7UCQg==}
    engines: {node: '>=0.10.0'}
    dev: true

  /path-type/4.0.0:
    resolution: {integrity: sha512-gDKb8aZMDeD/tZWs9P6+q0J9Mwkdl6xMV8TjnGP3qJVJ06bdMgkbBlLU8IdfOsIsFz2BW1rNVT3XuNEl8zPAvw==}
    engines: {node: '>=8'}
    dev: true

  /picomatch/2.3.1:
    resolution: {integrity: sha512-JU3teHTNjmE2VCGFzuY8EXzCDVwEqB2a8fsIvwaStHhAWJEeVd1o1QD80CU6+ZdEXXSLbSsuLwJjkCBWqRQUVA==}
    engines: {node: '>=8.6'}
    dev: true

  /pify/2.3.0:
    resolution: {integrity: sha512-udgsAY+fTnvv7kI7aaxbqwWNb0AHiB0qBO89PZKPkoTmGOgdbrHDKD+0B2X4uTfJ/FT1R09r9gTsjUjNJotuog==}
    engines: {node: '>=0.10.0'}
    dev: true

  /pinkie-promise/2.0.1:
    resolution: {integrity: sha512-0Gni6D4UcLTbv9c57DfxDGdr41XfgUjqWZu492f0cIGr16zDU06BWP/RAEvOuo7CQ0CNjHaLlM59YJJFm3NWlw==}
    engines: {node: '>=0.10.0'}
    dependencies:
      pinkie: 2.0.4
    dev: true

  /pinkie/2.0.4:
    resolution: {integrity: sha512-MnUuEycAemtSaeFSjXKW/aroV7akBbY+Sv+RkyqFjgAe73F+MR0TBWKBRDkmfWq/HiFmdavfZ1G7h4SPZXaCSg==}
    engines: {node: '>=0.10.0'}
    dev: true

  /process-nextick-args/2.0.1:
    resolution: {integrity: sha512-3ouUOpQhtgrbOa17J7+uxOTpITYWaGP7/AhoR3+A+/1e9skrzelGi/dXzEYyvbxubEF6Wn2ypscTKiKJFFn1ag==}
    dev: true

  /queue-microtask/1.2.3:
    resolution: {integrity: sha512-NuaNSa6flKT5JaSYQzJok04JzTL1CA6aGhv5rfLW3PgqA+M2ChpZQnAC8h8i4ZFkBS8X5RqkDBHA7r4hej3K9A==}
    dev: true

  /readable-stream/2.3.7:
    resolution: {integrity: sha512-Ebho8K4jIbHAxnuxi7o42OrZgF/ZTNcsZj6nRKyUmkhLFq8CHItp/fy6hQZuZmP/n3yZ9VBUbp4zz/mX8hmYPw==}
    dependencies:
      core-util-is: 1.0.3
      inherits: 2.0.4
      isarray: 1.0.0
      process-nextick-args: 2.0.1
      safe-buffer: 5.1.2
      string_decoder: 1.1.1
      util-deprecate: 1.0.2
    dev: true

  /readdirp/3.6.0:
    resolution: {integrity: sha512-hOS089on8RduqdbhvQ5Z37A0ESjsqz6qnRcffsMU3495FuTdqSm+7bhJ29JvIOsBDEEnan5DPu9t3To9VRlMzA==}
    engines: {node: '>=8.10.0'}
    dependencies:
      picomatch: 2.3.1
    dev: true

  /reusify/1.0.4:
    resolution: {integrity: sha512-U9nH88a3fc/ekCF1l0/UP1IosiuIjyTh7hBvXVMHYgVcfGvt897Xguj2UOLDeI5BG2m7/uwyaLVT6fbtCwTyzw==}
    engines: {iojs: '>=1.0.0', node: '>=0.10.0'}
    dev: true

  /rimraf/3.0.2:
    resolution: {integrity: sha512-JZkJMZkAGFFPP2YqXZXPbMlMBgsxzE8ILs4lMIX/2o0L9UBw9O/Y3o6wFw/i9YLapcUJWwqbi3kdxIPdC62TIA==}
    hasBin: true
    dependencies:
      glob: 7.2.0
    dev: true

  /run-parallel/1.2.0:
    resolution: {integrity: sha512-5l4VyZR86LZ/lDxZTR6jqL8AFE2S0IFLMP26AbjsLVADxHdhB/c0GUsH+y39UfCi3dzz8OlQuPmnaJOMoDHQBA==}
    dependencies:
      queue-microtask: 1.2.3
    dev: true

  /safe-buffer/5.1.2:
    resolution: {integrity: sha512-Gd2UZBJDkXlY7GbJxfsE8/nvKkUEU1G38c1siN6QP6a9PT9MmHB8GnpscSmMJSoF8LOIrt8ud/wPtojys4G6+g==}
    dev: true

  /sass/1.47.0:
    resolution: {integrity: sha512-GtXwvwgD7/6MLUZPnlA5/8cdRgC9SzT5kAnnJMRmEZQFRE3J56Foswig4NyyyQGsnmNvg6EUM/FP0Pe9Y2zywQ==}
    engines: {node: '>=8.9.0'}
    hasBin: true
    dependencies:
      chokidar: 3.5.3
      immutable: 4.1.0
      source-map-js: 1.0.2
    dev: true

  /slash/3.0.0:
    resolution: {integrity: sha512-g9Q1haeby36OSStwb4ntCGGGaKsaVSjQ68fBxoQcutl5fS1vuY18H3wSt3jFyFtrkx+Kz0V1G85A4MyAdDMi2Q==}
    engines: {node: '>=8'}
    dev: true

  /source-map-js/1.0.2:
    resolution: {integrity: sha512-R0XvVJ9WusLiqTCEiGCmICCMplcCkIwwR11mOSD9CR5u+IXYdiseeEuXCVAjS54zqwkLcPNnmU4OeJ6tUrWhDw==}
    engines: {node: '>=0.10.0'}
    dev: true

  /source-map/0.6.1:
    resolution: {integrity: sha512-UjgapumWlbMhkBgzT7Ykc5YXUT46F0iKu8SGXq0bcwP5dz/h0Plj6enJqjz1Zbq2l5WaqYnrVbwWOWMyF3F47g==}
    engines: {node: '>=0.10.0'}
    dev: true

  /string_decoder/1.1.1:
    resolution: {integrity: sha512-n/ShnvDi6FHbbVfviro+WojiFzv+s8MPMHBczVePfUpDJLwoLT0ht1l4YwBCbi8pJAveEEdnkHyPyTP/mzRfwg==}
    dependencies:
      safe-buffer: 5.1.2
    dev: true

  /style-mod/4.0.0:
    resolution: {integrity: sha512-OPhtyEjyyN9x3nhPsu76f52yUGXiZcgvsrFVtvTkyGRQJ0XK+GPc6ov1z+lRpbeabka+MYEQxOYRnt5nF30aMw==}
    dev: true

  /supports-color/7.2.0:
    resolution: {integrity: sha512-qpCAvRl9stuOHveKsn7HncJRvv501qIacKzQlO/+Lwxc9+0q2wLyv4Dfvt80/DPn2pqOBsJdDiogXGR9+OvwRw==}
    engines: {node: '>=8'}
    dependencies:
      has-flag: 4.0.0
    dev: true

  /tmp/0.2.1:
    resolution: {integrity: sha512-76SUhtfqR2Ijn+xllcI5P1oyannHNHByD80W1q447gU3mp9G9PSpGdWmjUOHRDPiHYacIk66W7ubDTuPF3BEtQ==}
    engines: {node: '>=8.17.0'}
    dependencies:
      rimraf: 3.0.2
    dev: true

  /to-regex-range/5.0.1:
    resolution: {integrity: sha512-65P7iz6X5yEr1cwcgvQxbbIw7Uk3gOy5dIdtZ4rDveLqhrdJP+Li/Hx6tyK0NEb+2GCyneCMJiGqrADCSNk8sQ==}
    engines: {node: '>=8.0'}
    dependencies:
      is-number: 7.0.0
    dev: true

  /to-use/0.2.1:
    resolution: {integrity: sha512-FwF0QIePeaY/Wk2thTjjV41KltJZsMTidH33R64u76Ai+IDyXI4cLYA5PH2PjQRyxAKVtDgcN1ZPK5JJh102Vw==}
    dev: true

  /universalify/2.0.0:
    resolution: {integrity: sha512-hAZsKq7Yy11Zu1DE0OzWjw7nnLZmJZYTDZZyEFHZdUhV8FkH5MCfoU1XMaxXovpyW5nq5scPqq0ZDP9Zyl04oQ==}
    engines: {node: '>= 10.0.0'}
    dev: true

  /util-deprecate/1.0.2:
    resolution: {integrity: sha512-EPD5q1uXyFxJpCrLnCc1nHnq3gOa6DZBocAIiI2TaSCA7VCJ1UJDMagCzIkXNsUYfD1daK//LTEQ8xiIbrHtcw==}
    dev: true

  /w3c-keyname/2.2.4:
    resolution: {integrity: sha512-tOhfEwEzFLJzf6d1ZPkYfGj+FWhIpBux9ppoP3rlclw3Z0BZv3N7b7030Z1kYth+6rDuAsXUFr+d0VE6Ed1ikw==}
    dev: true

  /wrappy/1.0.2:
    resolution: {integrity: sha512-l4Sp/DRseor9wL6EvV2+TuQn63dMkPjZ/sp9XkghTEbV9KlPS1xUsZ3u7/IQO4wxtcFB4bgpQPRcR3QCvezPcQ==}
    dev: true

  /yaml/2.0.0-10:
    resolution: {integrity: sha512-FHV8s5ODFFQXX/enJEU2EkanNl1UDBUz8oa4k5Qo/sR+Iq7VmhCDkRMb0/mjJCNeAWQ31W8WV6PYStDE4d9EIw==}
    engines: {node: '>= 12'}
    dev: true

  github.com/pjeby/ophidian/0af36f1bf028f874f5fbc289752529aa938014de:
    resolution: {tarball: https://codeload.github.com/pjeby/ophidian/tar.gz/0af36f1bf028f874f5fbc289752529aa938014de}
    name: ophidian
    version: 0.0.1
    dependencies:
      builtin-modules: 3.3.0
      copy-newer: 2.1.2
      esbuild: 0.14.49
      esbuild-plugin-copy: 1.3.0_esbuild@0.14.49
      esbuild-plugin-sass: 1.0.1_esbuild@0.14.49
      fs-extra: 10.1.0
      monkey-around: 2.3.0
      obsidian: 0.14.5
      to-use: 0.2.1
    dev: true

  github.com/pjeby/smalltalk/7c3a5ba2c8f6363d050ab23ba95165d7d270a456:
    resolution: {tarball: https://codeload.github.com/pjeby/smalltalk/tar.gz/7c3a5ba2c8f6363d050ab23ba95165d7d270a456}
    name: smalltalk
    version: 4.0.7
    dependencies:
      '@cloudcmd/create-element': 2.0.2
      currify: 4.0.0
      fullstore: 3.0.0
    dev: true
